<?xml version="1.0" encoding="utf-8"?>
<Project ToolsVersion="4.0" xmlns="http://schemas.microsoft.com/developer/msbuild/2003">
  <ItemGroup>
    <Filter Include="Source files">
      <UniqueIdentifier>{64a4cd18-8546-476b-860d-24d6940b4b64}</UniqueIdentifier>
      <Extensions>cpp;c;cc;cxx;def;odl;idl;hpj;bat;asm;asmx</Extensions>
    </Filter>
    <Filter Include="Header files">
      <UniqueIdentifier>{cab9e3bf-6e57-4028-a9f4-9563a1f06172}</UniqueIdentifier>
      <Extensions>h;hpp;hxx;hm;inl;inc;xsd</Extensions>
    </Filter>
    <Filter Include="Resource files">
      <UniqueIdentifier>{b9a630fb-ac2a-4e44-8216-ec91e4ae2eb2}</UniqueIdentifier>
      <Extensions>rc;ico;cur;bmp;dlg;rc2;rct;bin;rgs;gif;jpg;jpeg;jpe;resx;tiff;tif;png;wav</Extensions>
    </Filter>
    <Filter Include="Source files\USER">
      <UniqueIdentifier>{d44e6d06-a731-49a9-aeaf-fc21fdf18ad6}</UniqueIdentifier>
    </Filter>
    <Filter Include="Source files\HARDWARE">
      <UniqueIdentifier>{cb783633-1480-45eb-9b93-42da0f017f81}</UniqueIdentifier>
    </Filter>
    <Filter Include="Source files\SYSTEM">
      <UniqueIdentifier>{14526edf-3982-4bae-a647-70d376761025}</UniqueIdentifier>
    </Filter>
    <Filter Include="Source files\CORE">
      <UniqueIdentifier>{669359e6-e847-4435-8aad-2dab2f9b491f}</UniqueIdentifier>
    </Filter>
    <Filter Include="Source files\FWLib">
      <UniqueIdentifier>{21b25ac8-6504-4d1a-82bc-ec9c108db8e6}</UniqueIdentifier>
    </Filter>
    <Filter Include="Source files\README">
      <UniqueIdentifier>{0656eafd-61ff-4544-9e59-514d36008536}</UniqueIdentifier>
    </Filter>
    <Filter Include="Source files\Device-specific files">
      <UniqueIdentifier>{4b6f04d0-f3a7-4949-b855-032f8c8a30d0}</UniqueIdentifier>
    </Filter>
    <Filter Include="Header files\USER">
      <UniqueIdentifier>{43761ed0-9540-4770-84a7-904f9c8f5e51}</UniqueIdentifier>
    </Filter>
    <Filter Include="Header files\HARDWARE">
      <UniqueIdentifier>{d948d756-bdb7-4f54-9965-ee842c79f58a}</UniqueIdentifier>
    </Filter>
    <Filter Include="Header files\SYSTEM">
      <UniqueIdentifier>{205aec2c-9318-44b9-8dec-5d0198e28379}</UniqueIdentifier>
    </Filter>
    <Filter Include="Header files\CORE">
      <UniqueIdentifier>{efbdca12-52c8-4e2b-b139-0c62dfba02c4}</UniqueIdentifier>
    </Filter>
    <Filter Include="Header files\FWLib">
      <UniqueIdentifier>{1b96bb01-c965-40d6-8865-184e0b612aad}</UniqueIdentifier>
    </Filter>
    <Filter Include="Header files\README">
      <UniqueIdentifier>{78180cd6-f08a-447e-8d01-b40c696bb3e2}</UniqueIdentifier>
    </Filter>
    <Filter Include="Header files\Device-specific files">
      <UniqueIdentifier>{ef07a635-d790-4680-9de3-887fd8ab0b95}</UniqueIdentifier>
    </Filter>
    <Filter Include="VisualGDB settings">
      <UniqueIdentifier>{6f9dc25b-0fe7-4672-9d64-be807dac8fa7}</UniqueIdentifier>
    </Filter>
  </ItemGroup>
  <ItemGroup>
    <ClCompile Include="..\..\..\USER\main.c">
      <Filter>Source files\USER</Filter>
    </ClCompile>
    <ClCompile Include="..\..\..\USER\stm32f10x_it.c">
      <Filter>Source files\USER</Filter>
    </ClCompile>
    <ClCompile Include="..\..\..\USER\system_stm32f10x.c">
      <Filter>Source files\USER</Filter>
    </ClCompile>
    <ClCompile Include="..\..\..\HARDWARE\LED\led.c">
      <Filter>Source files\HARDWARE</Filter>
    </ClCompile>
    <ClCompile Include="..\..\..\HARDWARE\KEY\key.c">
      <Filter>Source files\HARDWARE</Filter>
    </ClCompile>
    <ClCompile Include="..\..\..\HARDWARE\TIMER\timer.c">
      <Filter>Source files\HARDWARE</Filter>
    </ClCompile>
    <ClCompile Include="..\..\..\SYSTEM\delay\delay.c">
      <Filter>Source files\SYSTEM</Filter>
    </ClCompile>
    <ClCompile Include="..\..\..\SYSTEM\sys\sys.c">
      <Filter>Source files\SYSTEM</Filter>
    </ClCompile>
    <ClCompile Include="..\..\..\SYSTEM\usart\usart.c">
      <Filter>Source files\SYSTEM</Filter>
    </ClCompile>
    <ClCompile Include="..\..\..\CORE\core_cm3.c">
      <Filter>Source files\CORE</Filter>
    </ClCompile>
    <ClCompile Include="..\..\..\STM32F10x_FWLib\src\misc.c">
      <Filter>Source files\FWLib</Filter>
    </ClCompile>
    <ClCompile Include="..\..\..\STM32F10x_FWLib\src\stm32f10x_gpio.c">
      <Filter>Source files\FWLib</Filter>
    </ClCompile>
    <ClCompile Include="..\..\..\STM32F10x_FWLib\src\stm32f10x_rcc.c">
      <Filter>Source files\FWLib</Filter>
    </ClCompile>
    <ClCompile Include="..\..\..\STM32F10x_FWLib\src\stm32f10x_tim.c">
      <Filter>Source files\FWLib</Filter>
    </ClCompile>
    <ClCompile Include="..\..\..\STM32F10x_FWLib\src\stm32f10x_usart.c">
      <Filter>Source files\FWLib</Filter>
    </ClCompile>
    <None Include="mcu.props">
      <Filter>Source files\Device-specific files</Filter>
    </None>
    <None Include="..\..\..\README.TXT">
      <Filter>Header files\README</Filter>
    </None>
    <ClInclude Include="$(BSP_ROOT)\Device\Include\stm32f10x.h">
      <Filter>Header files\Device-specific files</Filter>
    </ClInclude>
    <None Include="Experiment_08_TimerInterrupts-Debug.vgdbsettings">
      <Filter>VisualGDB settings</Filter>
    </None>
    <None Include="Experiment_08_TimerInterrupts-Release.vgdbsettings">
      <Filter>VisualGDB settings</Filter>
    </None>
    <None Include="MCU.xml">
      <Filter>VisualGDB settings</Filter>
    </None>
    <ClCompile Include="..\..\..\CORE\startup_stm32f10x_hd.s">
      <Filter>Source files\CORE</Filter>
    </ClCompile>
  </ItemGroup>
  <ItemGroup>
    <None Include="..\..\..\..\..\..\..\..\嵌入式学习\资料\正点原子战舰STM32F103ZET6\战舰V3 视频盘(B盘)\第32讲 定时器中断实验\第32讲 定时器中断实验.rmvb">
      <Filter>Resource files</Filter>
    </None>
    <None Include="..\..\..\..\..\..\..\..\嵌入式学习\资料\正点原子战舰STM32F103ZET6\战舰V3 视频盘(B盘)\第32讲 定时器中断实验\第32讲 定时器中断实验-TIMER - M3.ppt">
      <Filter>Resource files</Filter>
    </None>
    <None Include="..\..\uC_Probe\Experiment_08_TimerInterrupts.wspx" />
  </ItemGroup>
</Project>