
Microsoft Visual Studio Solution File, Format Version 12.00
# Visual Studio 15
VisualStudioVersion = 15.0.28307.421
MinimumVisualStudioVersion = 10.0.40219.1
Project("{8BC9CEB8-8B4A-11D0-8D11-00A0C91BC942}") = "Experiment_01_HorseRaceLamp", "Experiment_01_HorseRaceLamp\Project\VS\Experiment_01_HorseRaceLamp\Experiment_01_HorseRaceLamp.vcxproj", "{E56F67C0-7D35-434C-9565-F57B79CC961D}"
EndProject
Project("{8BC9CEB8-8B4A-11D0-8D11-00A0C91BC942}") = "Experiment_47_1Serial_IAP_BootloaderV1_0", "Experiment_47_Serial_IAP\Project\VS\Experiment_47_1Serial_IAP_BootloaderV1_0\Experiment_47_1Serial_IAP_BootloaderV1_0.vcxproj", "{1EDDF1D0-C1C6-4353-871E-D51720ACE2AB}"
EndProject
Project("{8BC9CEB8-8B4A-11D0-8D11-00A0C91BC942}") = "Experiment_47_2Serial_IAP_RTC_FLASH_APP", "Experiment_47_Serial_IAP\Project\VS\Experiment_47_2Serial_IAP_RTC_FLASH_APP\Experiment_47_2Serial_IAP_RTC_FLASH_APP.vcxproj", "{1878EAA3-80F0-4469-86CD-E3BA39F2CD48}"
EndProject
Project("{8BC9CEB8-8B4A-11D0-8D11-00A0C91BC942}") = "Experiment_47_3Serial_IAP_TouchScreen_SRAM_APP", "Experiment_47_Serial_IAP\Project\VS\Experiment_47_3Serial_IAP_TouchScreen_SRAM_APP\Experiment_47_3Serial_IAP_TouchScreen_SRAM_APP.vcxproj", "{78DE273A-86EC-48D0-9C71-C185526E1B26}"
EndProject
Project("{2150E333-8FDC-42A3-9474-1A3956D46DE8}") = "Solution Items", "Solution Items", "{E913B9A2-8F06-40A0-9965-624CB9895361}"
	ProjectSection(SolutionItems) = preProject
		..\..\..\嵌入式学习\资料\野火STM32\1-F429至尊版\A盘（资料盘）\8-C语言学习资料\C程序设计语言（第2版·新版）.pdf = ..\..\..\嵌入式学习\资料\野火STM32\1-F429至尊版\A盘（资料盘）\8-C语言学习资料\C程序设计语言（第2版·新版）.pdf
		..\..\..\嵌入式学习\资料\正点原子战舰STM32F103ZET6\战舰V3 资料盘(A盘)\STM32F1开发指南-库函数版本_V3.1 .pdf = ..\..\..\嵌入式学习\资料\正点原子战舰STM32F103ZET6\战舰V3 资料盘(A盘)\STM32F1开发指南-库函数版本_V3.1 .pdf
		..\..\..\嵌入式学习\资料\野火STM32\1-F429至尊版\A盘（资料盘）\4-开发软件\uC_Probe\第三步 帮助文件\uC-Probe-UsersManual.pdf = ..\..\..\嵌入式学习\资料\野火STM32\1-F429至尊版\A盘（资料盘）\4-开发软件\uC_Probe\第三步 帮助文件\uC-Probe-UsersManual.pdf
		..\..\..\嵌入式学习\资料\正点原子战舰STM32F103ZET6\战舰V3 资料盘(A盘)\3，ALIENTEK战舰STM32F1 V3开发板原理图\WarShip STM32F1_V3.4_SCH.pdf = ..\..\..\嵌入式学习\资料\正点原子战舰STM32F103ZET6\战舰V3 资料盘(A盘)\3，ALIENTEK战舰STM32F1 V3开发板原理图\WarShip STM32F1_V3.4_SCH.pdf
	EndProjectSection
EndProject
Project("{8BC9CEB8-8B4A-11D0-8D11-00A0C91BC942}") = "Experiment_08_TimerInterrupts", "Experiment_08_TimerInterrupts\Project\VS\Experiment_08_TimerInterrupts\Experiment_08_TimerInterrupts.vcxproj", "{D162D307-5533-4E05-939B-9960B271C948}"
EndProject
Project("{8BC9CEB8-8B4A-11D0-8D11-00A0C91BC942}") = "Experiment_09_PWMOutput", "Experiment_09_PWMOutput\Project\VS\Experiment_09_PWMOutput\Experiment_09_PWMOutput.vcxproj", "{6A24DE18-1640-43AF-9154-F0FCC4A63246}"
EndProject
Project("{8BC9CEB8-8B4A-11D0-8D11-00A0C91BC942}") = "Experiment_24_SPI", "Experiment_24_SPI_SerialPeripheralInterface\Project\VS\Experiment_24_SPI\Experiment_24_SPI.vcxproj", "{038EDEF9-DCB7-48B4-A246-74E7C780F8A0}"
EndProject
Project("{8BC9CEB8-8B4A-11D0-8D11-00A0C91BC942}") = "Experiment_04_SerialPort", "Experiment_04_SerialPort\Project\VS\Experiment_04_SerialPort\Experiment_04_SerialPort.vcxproj", "{247FEB65-394D-49ED-8CED-7131EDF91278}"
EndProject
Project("{8BC9CEB8-8B4A-11D0-8D11-00A0C91BC942}") = "Experiment_26_CAN_ControllerAreaNetwork", "Experiment_26_CAN_ControllerAreaNetwork\Project\VS\Experiment_26_CAN_ControllerAreaNetwork\Experiment_26_CAN_ControllerAreaNetwork.vcxproj", "{7F740A36-1FA8-42E7-9C9F-9B1E71662646}"
EndProject
Global
	GlobalSection(SolutionConfigurationPlatforms) = preSolution
		Debug|VisualGDB = Debug|VisualGDB
		Release|VisualGDB = Release|VisualGDB
	EndGlobalSection
	GlobalSection(ProjectConfigurationPlatforms) = postSolution
		{E56F67C0-7D35-434C-9565-F57B79CC961D}.Debug|VisualGDB.ActiveCfg = Debug|VisualGDB
		{E56F67C0-7D35-434C-9565-F57B79CC961D}.Debug|VisualGDB.Build.0 = Debug|VisualGDB
		{E56F67C0-7D35-434C-9565-F57B79CC961D}.Release|VisualGDB.ActiveCfg = Release|VisualGDB
		{E56F67C0-7D35-434C-9565-F57B79CC961D}.Release|VisualGDB.Build.0 = Release|VisualGDB
		{1EDDF1D0-C1C6-4353-871E-D51720ACE2AB}.Debug|VisualGDB.ActiveCfg = Debug|VisualGDB
		{1EDDF1D0-C1C6-4353-871E-D51720ACE2AB}.Debug|VisualGDB.Build.0 = Debug|VisualGDB
		{1EDDF1D0-C1C6-4353-871E-D51720ACE2AB}.Release|VisualGDB.ActiveCfg = Release|VisualGDB
		{1EDDF1D0-C1C6-4353-871E-D51720ACE2AB}.Release|VisualGDB.Build.0 = Release|VisualGDB
		{1878EAA3-80F0-4469-86CD-E3BA39F2CD48}.Debug|VisualGDB.ActiveCfg = Debug|VisualGDB
		{1878EAA3-80F0-4469-86CD-E3BA39F2CD48}.Debug|VisualGDB.Build.0 = Debug|VisualGDB
		{1878EAA3-80F0-4469-86CD-E3BA39F2CD48}.Release|VisualGDB.ActiveCfg = Release|VisualGDB
		{1878EAA3-80F0-4469-86CD-E3BA39F2CD48}.Release|VisualGDB.Build.0 = Release|VisualGDB
		{78DE273A-86EC-48D0-9C71-C185526E1B26}.Debug|VisualGDB.ActiveCfg = Debug|VisualGDB
		{78DE273A-86EC-48D0-9C71-C185526E1B26}.Debug|VisualGDB.Build.0 = Debug|VisualGDB
		{78DE273A-86EC-48D0-9C71-C185526E1B26}.Release|VisualGDB.ActiveCfg = Release|VisualGDB
		{78DE273A-86EC-48D0-9C71-C185526E1B26}.Release|VisualGDB.Build.0 = Release|VisualGDB
		{D162D307-5533-4E05-939B-9960B271C948}.Debug|VisualGDB.ActiveCfg = Debug|VisualGDB
		{D162D307-5533-4E05-939B-9960B271C948}.Debug|VisualGDB.Build.0 = Debug|VisualGDB
		{D162D307-5533-4E05-939B-9960B271C948}.Release|VisualGDB.ActiveCfg = Release|VisualGDB
		{D162D307-5533-4E05-939B-9960B271C948}.Release|VisualGDB.Build.0 = Release|VisualGDB
		{6A24DE18-1640-43AF-9154-F0FCC4A63246}.Debug|VisualGDB.ActiveCfg = Debug|VisualGDB
		{6A24DE18-1640-43AF-9154-F0FCC4A63246}.Debug|VisualGDB.Build.0 = Debug|VisualGDB
		{6A24DE18-1640-43AF-9154-F0FCC4A63246}.Release|VisualGDB.ActiveCfg = Release|VisualGDB
		{6A24DE18-1640-43AF-9154-F0FCC4A63246}.Release|VisualGDB.Build.0 = Release|VisualGDB
		{038EDEF9-DCB7-48B4-A246-74E7C780F8A0}.Debug|VisualGDB.ActiveCfg = Debug|VisualGDB
		{038EDEF9-DCB7-48B4-A246-74E7C780F8A0}.Debug|VisualGDB.Build.0 = Debug|VisualGDB
		{038EDEF9-DCB7-48B4-A246-74E7C780F8A0}.Release|VisualGDB.ActiveCfg = Release|VisualGDB
		{038EDEF9-DCB7-48B4-A246-74E7C780F8A0}.Release|VisualGDB.Build.0 = Release|VisualGDB
		{247FEB65-394D-49ED-8CED-7131EDF91278}.Debug|VisualGDB.ActiveCfg = Debug|VisualGDB
		{247FEB65-394D-49ED-8CED-7131EDF91278}.Debug|VisualGDB.Build.0 = Debug|VisualGDB
		{247FEB65-394D-49ED-8CED-7131EDF91278}.Release|VisualGDB.ActiveCfg = Release|VisualGDB
		{247FEB65-394D-49ED-8CED-7131EDF91278}.Release|VisualGDB.Build.0 = Release|VisualGDB
		{7F740A36-1FA8-42E7-9C9F-9B1E71662646}.Debug|VisualGDB.ActiveCfg = Debug|VisualGDB
		{7F740A36-1FA8-42E7-9C9F-9B1E71662646}.Debug|VisualGDB.Build.0 = Debug|VisualGDB
		{7F740A36-1FA8-42E7-9C9F-9B1E71662646}.Release|VisualGDB.ActiveCfg = Release|VisualGDB
		{7F740A36-1FA8-42E7-9C9F-9B1E71662646}.Release|VisualGDB.Build.0 = Release|VisualGDB
	EndGlobalSection
	GlobalSection(SolutionProperties) = preSolution
		HideSolutionNode = FALSE
	EndGlobalSection
	GlobalSection(ExtensibilityGlobals) = postSolution
		SolutionGuid = {DDA4BA1D-6263-405E-8F2E-E0C5B84600A4}
	EndGlobalSection
EndGlobal
