<?xml version="1.0" encoding="utf-8"?>
<Project ToolsVersion="4.0" xmlns="http://schemas.microsoft.com/developer/msbuild/2003">
  <ItemGroup>
    <Filter Include="Source files">
      <UniqueIdentifier>{e9aa15b1-acfc-41bb-ba76-4fe242d17c5c}</UniqueIdentifier>
      <Extensions>cpp;c;cc;cxx;def;odl;idl;hpj;bat;asm;asmx</Extensions>
    </Filter>
    <Filter Include="Header files">
      <UniqueIdentifier>{3bf0d8f8-a901-4f4b-842b-db94feadeff3}</UniqueIdentifier>
      <Extensions>h;hpp;hxx;hm;inl;inc;xsd</Extensions>
    </Filter>
    <Filter Include="Resource files">
      <UniqueIdentifier>{73c1dc19-20da-4f1c-880b-ad0f4063feb5}</UniqueIdentifier>
      <Extensions>rc;ico;cur;bmp;dlg;rc2;rct;bin;rgs;gif;jpg;jpeg;jpe;resx;tiff;tif;png;wav</Extensions>
    </Filter>
    <Filter Include="Source files\USER">
      <UniqueIdentifier>{7e1e079a-85d3-4341-bf97-3d21f1290898}</UniqueIdentifier>
    </Filter>
    <Filter Include="Source files\HARDWARE">
      <UniqueIdentifier>{73587ea9-e347-4fe4-9981-4c5b2138bae3}</UniqueIdentifier>
    </Filter>
    <Filter Include="Source files\SYSTEM">
      <UniqueIdentifier>{b13c3bf1-c9ad-4f35-b51f-e140c51bce70}</UniqueIdentifier>
    </Filter>
    <Filter Include="Source files\CORE">
      <UniqueIdentifier>{a972e528-f86b-4d13-8b21-cfff64325411}</UniqueIdentifier>
    </Filter>
    <Filter Include="Source files\FWLib">
      <UniqueIdentifier>{7b5a5875-a74f-4e04-a87b-ba8c45917a57}</UniqueIdentifier>
    </Filter>
    <Filter Include="Source files\README">
      <UniqueIdentifier>{63c23ab4-0cde-4e4a-8359-544db725a8a9}</UniqueIdentifier>
    </Filter>
    <Filter Include="Source files\Device-specific files">
      <UniqueIdentifier>{648ab9d4-48f5-4d76-b6d0-aaa0fe55a466}</UniqueIdentifier>
    </Filter>
    <Filter Include="Header files\USER">
      <UniqueIdentifier>{35b94179-0a32-445f-8e10-3801681daafe}</UniqueIdentifier>
    </Filter>
    <Filter Include="Header files\HARDWARE">
      <UniqueIdentifier>{5b9f9f6e-755d-47bc-8f51-383f0721a37a}</UniqueIdentifier>
    </Filter>
    <Filter Include="Header files\SYSTEM">
      <UniqueIdentifier>{bdf5b8fc-0d0f-4936-ad1d-4676f3f92aeb}</UniqueIdentifier>
    </Filter>
    <Filter Include="Header files\CORE">
      <UniqueIdentifier>{a3db8606-80f1-4892-9437-eac70d287660}</UniqueIdentifier>
    </Filter>
    <Filter Include="Header files\FWLib">
      <UniqueIdentifier>{4846d239-2fe7-4db3-9de9-179e6d6a2f78}</UniqueIdentifier>
    </Filter>
    <Filter Include="Header files\README">
      <UniqueIdentifier>{376fc90f-6a12-4272-8299-441eac2a0236}</UniqueIdentifier>
    </Filter>
    <Filter Include="Header files\Device-specific files">
      <UniqueIdentifier>{0485269a-eac6-49a0-b54b-074a85cd4bc6}</UniqueIdentifier>
    </Filter>
    <Filter Include="VisualGDB settings">
      <UniqueIdentifier>{d24a656e-458f-4cf2-98bf-6a02c30624f2}</UniqueIdentifier>
    </Filter>
  </ItemGroup>
  <ItemGroup>
    <ClCompile Include="..\..\..\USER\main.c">
      <Filter>Source files\USER</Filter>
    </ClCompile>
    <ClCompile Include="..\..\..\USER\stm32f10x_it.c">
      <Filter>Source files\USER</Filter>
    </ClCompile>
    <ClCompile Include="..\..\..\USER\system_stm32f10x.c">
      <Filter>Source files\USER</Filter>
    </ClCompile>
    <ClCompile Include="..\..\..\HARDWARE\LED\led.c">
      <Filter>Source files\HARDWARE</Filter>
    </ClCompile>
    <ClCompile Include="..\..\..\HARDWARE\KEY\key.c">
      <Filter>Source files\HARDWARE</Filter>
    </ClCompile>
    <ClCompile Include="..\..\..\HARDWARE\TPAD\tpad.c">
      <Filter>Source files\HARDWARE</Filter>
    </ClCompile>
    <ClCompile Include="..\..\..\SYSTEM\delay\delay.c">
      <Filter>Source files\SYSTEM</Filter>
    </ClCompile>
    <ClCompile Include="..\..\..\SYSTEM\sys\sys.c">
      <Filter>Source files\SYSTEM</Filter>
    </ClCompile>
    <ClCompile Include="..\..\..\SYSTEM\usart\usart.c">
      <Filter>Source files\SYSTEM</Filter>
    </ClCompile>
    <ClCompile Include="..\..\..\CORE\core_cm3.c">
      <Filter>Source files\CORE</Filter>
    </ClCompile>
    <ClCompile Include="..\..\..\CORE\startup_stm32f10x_hd.s">
      <Filter>Source files\CORE</Filter>
    </ClCompile>
    <ClCompile Include="..\..\..\STM32F10x_FWLib\src\misc.c">
      <Filter>Source files\FWLib</Filter>
    </ClCompile>
    <ClCompile Include="..\..\..\STM32F10x_FWLib\src\stm32f10x_gpio.c">
      <Filter>Source files\FWLib</Filter>
    </ClCompile>
    <ClCompile Include="..\..\..\STM32F10x_FWLib\src\stm32f10x_rcc.c">
      <Filter>Source files\FWLib</Filter>
    </ClCompile>
    <ClCompile Include="..\..\..\STM32F10x_FWLib\src\stm32f10x_tim.c">
      <Filter>Source files\FWLib</Filter>
    </ClCompile>
    <ClCompile Include="..\..\..\STM32F10x_FWLib\src\stm32f10x_usart.c">
      <Filter>Source files\FWLib</Filter>
    </ClCompile>
    <None Include="mcu.props">
      <Filter>Source files\Device-specific files</Filter>
    </None>
    <None Include="..\..\..\README.TXT">
      <Filter>Header files\README</Filter>
    </None>
    <ClInclude Include="$(BSP_ROOT)\Device\Include\stm32f10x.h">
      <Filter>Header files\Device-specific files</Filter>
    </ClInclude>
    <None Include="Experiment_11_TouchKey-Debug.vgdbsettings">
      <Filter>VisualGDB settings</Filter>
    </None>
    <None Include="Experiment_11_TouchKey-Release.vgdbsettings">
      <Filter>VisualGDB settings</Filter>
    </None>
    <None Include="MCU.xml">
      <Filter>VisualGDB settings</Filter>
    </None>
  </ItemGroup>
</Project>