<?xml version="1.0" encoding="utf-8"?>
<Project ToolsVersion="4.0" xmlns="http://schemas.microsoft.com/developer/msbuild/2003">
  <ItemGroup>
    <Filter Include="Source files">
      <UniqueIdentifier>{9cabe980-2b5d-4c82-ae5c-92f6f044f9c1}</UniqueIdentifier>
      <Extensions>cpp;c;cc;cxx;def;odl;idl;hpj;bat;asm;asmx</Extensions>
    </Filter>
    <Filter Include="Header files">
      <UniqueIdentifier>{1b6d7d5c-9d53-426e-8832-8152c81c1b05}</UniqueIdentifier>
      <Extensions>h;hpp;hxx;hm;inl;inc;xsd</Extensions>
    </Filter>
    <Filter Include="Resource files">
      <UniqueIdentifier>{f51f8993-f939-4a77-856d-7404e57a6852}</UniqueIdentifier>
      <Extensions>rc;ico;cur;bmp;dlg;rc2;rct;bin;rgs;gif;jpg;jpeg;jpe;resx;tiff;tif;png;wav</Extensions>
    </Filter>
    <Filter Include="Source files\USER">
      <UniqueIdentifier>{a176b6cf-2b9e-45ac-95bf-349feedd1bd6}</UniqueIdentifier>
    </Filter>
    <Filter Include="Source files\HARDWARE">
      <UniqueIdentifier>{02f03d5f-45b3-455c-97bb-29b24ced3b22}</UniqueIdentifier>
    </Filter>
    <Filter Include="Source files\SYSTEM">
      <UniqueIdentifier>{8338f3a0-63b5-41ef-b508-2c8c0dde6673}</UniqueIdentifier>
    </Filter>
    <Filter Include="Source files\CORE">
      <UniqueIdentifier>{c78c1551-f0fe-4ede-a4a3-03a70263ec30}</UniqueIdentifier>
    </Filter>
    <Filter Include="Source files\FWLib">
      <UniqueIdentifier>{1b490410-7909-4e50-9f3f-ddfc8528f098}</UniqueIdentifier>
    </Filter>
    <Filter Include="Source files\MALLOC">
      <UniqueIdentifier>{e35c07ad-0ecb-4b15-8698-168a153db8ee}</UniqueIdentifier>
    </Filter>
    <Filter Include="Source files\FATFS">
      <UniqueIdentifier>{0369bb28-a4f4-4025-8996-ef659395ccb3}</UniqueIdentifier>
    </Filter>
    <Filter Include="Source files\USMART">
      <UniqueIdentifier>{6455951d-cabb-4331-aed8-12b4fa7c7952}</UniqueIdentifier>
    </Filter>
    <Filter Include="Source files\TEXT">
      <UniqueIdentifier>{9b333dc4-89e1-430f-b9c5-89ba098dacc5}</UniqueIdentifier>
    </Filter>
    <Filter Include="Source files\SIM800C">
      <UniqueIdentifier>{8995b7af-248b-40fd-953a-37baa902d3f6}</UniqueIdentifier>
    </Filter>
    <Filter Include="Source files\README">
      <UniqueIdentifier>{f8da34f6-8090-4c9d-b077-38e2f77340a6}</UniqueIdentifier>
    </Filter>
    <Filter Include="Source files\Device-specific files">
      <UniqueIdentifier>{d9896cf7-6268-445b-a5d3-eff704372735}</UniqueIdentifier>
    </Filter>
    <Filter Include="Header files\USER">
      <UniqueIdentifier>{342772da-da47-48ea-abbd-6b59e35695b0}</UniqueIdentifier>
    </Filter>
    <Filter Include="Header files\HARDWARE">
      <UniqueIdentifier>{ee79946d-17a1-4b09-9d38-bbb35280db35}</UniqueIdentifier>
    </Filter>
    <Filter Include="Header files\SYSTEM">
      <UniqueIdentifier>{f235f695-46d6-4ea4-9863-c8daed8c3f31}</UniqueIdentifier>
    </Filter>
    <Filter Include="Header files\CORE">
      <UniqueIdentifier>{2190deed-0ca6-4e9a-8673-a14351bf2a96}</UniqueIdentifier>
    </Filter>
    <Filter Include="Header files\FWLib">
      <UniqueIdentifier>{20a6aafa-31f7-4b85-9572-b830abc34be3}</UniqueIdentifier>
    </Filter>
    <Filter Include="Header files\MALLOC">
      <UniqueIdentifier>{4ca04e74-9b52-436d-9c8b-5294a8638b0f}</UniqueIdentifier>
    </Filter>
    <Filter Include="Header files\FATFS">
      <UniqueIdentifier>{452933bc-3950-43f9-a4e0-3f5a9b960456}</UniqueIdentifier>
    </Filter>
    <Filter Include="Header files\USMART">
      <UniqueIdentifier>{1358c2e5-5daf-4f92-99d2-46a5d91b638b}</UniqueIdentifier>
    </Filter>
    <Filter Include="Header files\TEXT">
      <UniqueIdentifier>{29e61ec6-1e3c-40dd-8029-c0e42d5d2951}</UniqueIdentifier>
    </Filter>
    <Filter Include="Header files\SIM800C">
      <UniqueIdentifier>{ca7c9927-de8c-4d7f-96a1-b723bc1c9964}</UniqueIdentifier>
    </Filter>
    <Filter Include="Header files\README">
      <UniqueIdentifier>{6da37aad-7a74-4441-9545-00dc42dceec9}</UniqueIdentifier>
    </Filter>
    <Filter Include="Header files\Device-specific files">
      <UniqueIdentifier>{773e56f4-8a6f-4a78-98b0-9157ebe4f55c}</UniqueIdentifier>
    </Filter>
    <Filter Include="VisualGDB settings">
      <UniqueIdentifier>{34bae3a0-f173-4af8-b68f-1c533474b607}</UniqueIdentifier>
    </Filter>
  </ItemGroup>
  <ItemGroup>
    <ClCompile Include="..\..\..\USER\main.c">
      <Filter>Source files\USER</Filter>
    </ClCompile>
    <ClCompile Include="..\..\..\USER\stm32f10x_it.c">
      <Filter>Source files\USER</Filter>
    </ClCompile>
    <ClCompile Include="..\..\..\USER\system_stm32f10x.c">
      <Filter>Source files\USER</Filter>
    </ClCompile>
    <ClCompile Include="..\..\..\HARDWARE\LED\led.c">
      <Filter>Source files\HARDWARE</Filter>
    </ClCompile>
    <ClCompile Include="..\..\..\HARDWARE\KEY\key.c">
      <Filter>Source files\HARDWARE</Filter>
    </ClCompile>
    <ClCompile Include="..\..\..\HARDWARE\LCD\lcd.c">
      <Filter>Source files\HARDWARE</Filter>
    </ClCompile>
    <ClCompile Include="..\..\..\HARDWARE\SPI\spi.c">
      <Filter>Source files\HARDWARE</Filter>
    </ClCompile>
    <ClCompile Include="..\..\..\HARDWARE\W25QXX\w25qxx.c">
      <Filter>Source files\HARDWARE</Filter>
    </ClCompile>
    <ClCompile Include="..\..\..\HARDWARE\SDIO\sdio_sdcard.c">
      <Filter>Source files\HARDWARE</Filter>
    </ClCompile>
    <ClCompile Include="..\..\..\HARDWARE\24CXX\24cxx.c">
      <Filter>Source files\HARDWARE</Filter>
    </ClCompile>
    <ClCompile Include="..\..\..\HARDWARE\IIC\myiic.c">
      <Filter>Source files\HARDWARE</Filter>
    </ClCompile>
    <ClCompile Include="..\..\..\HARDWARE\TOUCH\ctiic.c">
      <Filter>Source files\HARDWARE</Filter>
    </ClCompile>
    <ClCompile Include="..\..\..\HARDWARE\TOUCH\ft5206.c">
      <Filter>Source files\HARDWARE</Filter>
    </ClCompile>
    <ClCompile Include="..\..\..\HARDWARE\TOUCH\gt9147.c">
      <Filter>Source files\HARDWARE</Filter>
    </ClCompile>
    <ClCompile Include="..\..\..\HARDWARE\TOUCH\ott2001a.c">
      <Filter>Source files\HARDWARE</Filter>
    </ClCompile>
    <ClCompile Include="..\..\..\HARDWARE\TOUCH\touch.c">
      <Filter>Source files\HARDWARE</Filter>
    </ClCompile>
    <ClCompile Include="..\..\..\HARDWARE\TIMER\timer.c">
      <Filter>Source files\HARDWARE</Filter>
    </ClCompile>
    <ClCompile Include="..\..\..\HARDWARE\USART3\usart3.c">
      <Filter>Source files\HARDWARE</Filter>
    </ClCompile>
    <ClCompile Include="..\..\..\SYSTEM\delay\delay.c">
      <Filter>Source files\SYSTEM</Filter>
    </ClCompile>
    <ClCompile Include="..\..\..\SYSTEM\sys\sys.c">
      <Filter>Source files\SYSTEM</Filter>
    </ClCompile>
    <ClCompile Include="..\..\..\SYSTEM\usart\usart.c">
      <Filter>Source files\SYSTEM</Filter>
    </ClCompile>
    <ClCompile Include="..\..\..\CORE\core_cm3.c">
      <Filter>Source files\CORE</Filter>
    </ClCompile>
    <ClCompile Include="..\..\..\STM32F10x_FWLib\src\misc.c">
      <Filter>Source files\FWLib</Filter>
    </ClCompile>
    <ClCompile Include="..\..\..\STM32F10x_FWLib\src\stm32f10x_fsmc.c">
      <Filter>Source files\FWLib</Filter>
    </ClCompile>
    <ClCompile Include="..\..\..\STM32F10x_FWLib\src\stm32f10x_gpio.c">
      <Filter>Source files\FWLib</Filter>
    </ClCompile>
    <ClCompile Include="..\..\..\STM32F10x_FWLib\src\stm32f10x_rcc.c">
      <Filter>Source files\FWLib</Filter>
    </ClCompile>
    <ClCompile Include="..\..\..\STM32F10x_FWLib\src\stm32f10x_spi.c">
      <Filter>Source files\FWLib</Filter>
    </ClCompile>
    <ClCompile Include="..\..\..\STM32F10x_FWLib\src\stm32f10x_usart.c">
      <Filter>Source files\FWLib</Filter>
    </ClCompile>
    <ClCompile Include="..\..\..\STM32F10x_FWLib\src\stm32f10x_tim.c">
      <Filter>Source files\FWLib</Filter>
    </ClCompile>
    <ClCompile Include="..\..\..\STM32F10x_FWLib\src\stm32f10x_sdio.c">
      <Filter>Source files\FWLib</Filter>
    </ClCompile>
    <ClCompile Include="..\..\..\STM32F10x_FWLib\src\stm32f10x_dma.c">
      <Filter>Source files\FWLib</Filter>
    </ClCompile>
    <ClCompile Include="..\..\..\MALLOC\malloc.c">
      <Filter>Source files\MALLOC</Filter>
    </ClCompile>
    <ClCompile Include="..\..\..\FATFS\src\diskio.c">
      <Filter>Source files\FATFS</Filter>
    </ClCompile>
    <ClCompile Include="..\..\..\FATFS\src\ff.c">
      <Filter>Source files\FATFS</Filter>
    </ClCompile>
    <ClCompile Include="..\..\..\FATFS\exfuns\exfuns.c">
      <Filter>Source files\FATFS</Filter>
    </ClCompile>
    <ClCompile Include="..\..\..\FATFS\exfuns\fattester.c">
      <Filter>Source files\FATFS</Filter>
    </ClCompile>
    <ClCompile Include="..\..\..\FATFS\exfuns\mycc936.c">
      <Filter>Source files\FATFS</Filter>
    </ClCompile>
    <ClCompile Include="..\..\..\USMART\usmart.c">
      <Filter>Source files\USMART</Filter>
    </ClCompile>
    <ClCompile Include="..\..\..\USMART\usmart_config.c">
      <Filter>Source files\USMART</Filter>
    </ClCompile>
    <ClCompile Include="..\..\..\USMART\usmart_str.c">
      <Filter>Source files\USMART</Filter>
    </ClCompile>
    <ClCompile Include="..\..\..\TEXT\fontupd.c">
      <Filter>Source files\TEXT</Filter>
    </ClCompile>
    <ClCompile Include="..\..\..\TEXT\text.c">
      <Filter>Source files\TEXT</Filter>
    </ClCompile>
    <ClCompile Include="..\..\..\SIM800C\sim800c.c">
      <Filter>Source files\SIM800C</Filter>
    </ClCompile>
    <None Include="mcu.props">
      <Filter>Source files\Device-specific files</Filter>
    </None>
    <None Include="..\..\..\README.TXT">
      <Filter>Header files\README</Filter>
    </None>
    <ClInclude Include="$(BSP_ROOT)\Device\Include\stm32f10x.h">
      <Filter>Header files\Device-specific files</Filter>
    </ClInclude>
    <None Include="ATK_SIM800C_GSM-Debug.vgdbsettings">
      <Filter>VisualGDB settings</Filter>
    </None>
    <None Include="ATK_SIM800C_GSM-Release.vgdbsettings">
      <Filter>VisualGDB settings</Filter>
    </None>
    <None Include="MCU.xml">
      <Filter>VisualGDB settings</Filter>
    </None>
    <ClCompile Include="..\..\..\CORE\startup_stm32f10x_hd.s">
      <Filter>Source files\CORE</Filter>
    </ClCompile>
  </ItemGroup>
  <ItemGroup>
    <None Include="..\..\..\..\..\..\..\嵌入式学习\资料\探索者F4\探索者F4 资料盘(A盘)\9，增值资料\1，ALIENTEK 产品资料\17，ATK-SIM800C GSM GPRS模块\ATK-SIM800C GSM(GPRS)模块用户手册_V1.pdf">
      <Filter>Resource files</Filter>
    </None>
    <None Include="..\..\..\..\..\..\..\嵌入式学习\资料\探索者F4\探索者F4 资料盘(A盘)\9，增值资料\1，ALIENTEK 产品资料\17，ATK-SIM800C GSM GPRS模块\ATK-SIM800C 模块使用说明（战舰 V3）_AN1604D .pdf">
      <Filter>Resource files</Filter>
    </None>
  </ItemGroup>
</Project>